// !$*UTF8*$!
{
	archiveVersion = 1;
	classes = {
	};
	objectVersion = 46;
	objects = {

/* Begin PBXBuildFile section */
		8B5560C81D388E7000321722 /* main.m in Sources */ = {isa = PBXBuildFile; fileRef = 8B5560C71D388E7000321722 /* main.m */; };
		8B5560CB1D388E7000321722 /* AppDelegate.m in Sources */ = {isa = PBXBuildFile; fileRef = 8B5560CA1D388E7000321722 /* AppDelegate.m */; };
		8B5560CE1D388E7000321722 /* ViewController.m in Sources */ = {isa = PBXBuildFile; fileRef = 8B5560CD1D388E7000321722 /* ViewController.m */; };
		8B5560D11D388E7000321722 /* Main.storyboard in Resources */ = {isa = PBXBuildFile; fileRef = 8B5560CF1D388E7000321722 /* Main.storyboard */; };
		8B5560D31D388E7000321722 /* Assets.xcassets in Resources */ = {isa = PBXBuildFile; fileRef = 8B5560D21D388E7000321722 /* Assets.xcassets */; };
		8B5560D61D388E7000321722 /* LaunchScreen.storyboard in Resources */ = {isa = PBXBuildFile; fileRef = 8B5560D41D388E7000321722 /* LaunchScreen.storyboard */; };
/* End PBXBuildFile section */

/* Begin PBXFileReference section */
		8B5560C31D388E7000321722 /* FirstiOSDemo.app */ = {isa = PBXFileReference; explicitFileType = wrapper.application; includeInIndex = 0; path = FirstiOSDemo.app; sourceTree = BUILT_PRODUCTS_DIR; };
		8B5560C71D388E7000321722 /* main.m */ = {isa = PBXFileReference; lastKnownFileType = sourcecode.c.objc; path = main.m; sourceTree = "<group>"; };
		8B5560C91D388E7000321722 /* AppDelegate.h */ = {isa = PBXFileReference; lastKnownFileType = sourcecode.c.h; path = AppDelegate.h; sourceTree = "<group>"; };
		8B5560CA1D388E7000321722 /* AppDelegate.m */ = {isa = PBXFileReference; lastKnownFileType = sourcecode.c.objc; path = AppDelegate.m; sourceTree = "<group>"; };
		8B5560CC1D388E7000321722 /* ViewController.h */ = {isa = PBXFileReference; lastKnownFileType = sourcecode.c.h; path = ViewController.h; sourceTree = "<group>"; };
		8B5560CD1D388E7000321722 /* ViewController.m */ = {isa = PBXFileReference; lastKnownFileType = sourcecode.c.objc; path = ViewController.m; sourceTree = "<group>"; };
		8B5560D01D388E7000321722 /* Base */ = {isa = PBXFileReference; lastKnownFileType = file.storyboard; name = Base; path = Base.lproj/Main.storyboard; sourceTree = "<group>"; };
		8B5560D21D388E7000321722 /* Assets.xcassets */ = {isa = PBXFileReference; lastKnownFileType = folder.assetcatalog; path = Assets.xcassets; sourceTree = "<group>"; };
		8B5560D51D388E7000321722 /* Base */ = {isa = PBXFileReference; lastKnownFileType = file.storyboard; name = Base; path = Base.lproj/LaunchScreen.storyboard; sourceTree = "<group>"; };
		8B5560D71D388E7000321722 /* Info.plist */ = {isa = PBXFileReference; lastKnownFileType = text.plist.xml; path = Info.plist; sourceTree = "<group>"; };
/* End PBXFileReference section */

/* Begin PBXFrameworksBuildPhase section */
		8B5560C01D388E7000321722 /* Frameworks */ = {
			isa = PBXFrameworksBuildPhase;
			buildActionMask = 2147483647;
			files = (
			);
			runOnlyForDeploymentPostprocessing = 0;
		};
/* End PBXFrameworksBuildPhase section */

/* Begin PBXGroup section */
		8B5560BA1D388E7000321722 = {
			isa = PBXGroup;
			children = (
				8B5560C51D388E7000321722 /* FirstiOSDemo */,
				8B5560C41D388E7000321722 /* Products */,
			);
			sourceTree = "<group>";
		};
		8B5560C41D388E7000321722 /* Products */ = {
			isa = PBXGroup;
			children = (
				8B5560C31D388E7000321722 /* FirstiOSDemo.app */,
			);
			name = Products;
			sourceTree = "<group>";
		};
		8B5560C51D388E7000321722 /* FirstiOSDemo */ = {
			isa = PBXGroup;
			children = (
				8B5560C91D388E7000321722 /* AppDelegate.h */,
				8B5560CA1D388E7000321722 /* AppDelegate.m */,
				8B5560CC1D388E7000321722 /* ViewController.h */,
				8B5560CD1D388E7000321722 /* ViewController.m */,
				8B5560CF1D388E7000321722 /* Main.storyboard */,
				8B5560D21D388E7000321722 /* Assets.xcassets */,
				8B5560D41D388E7000321722 /* LaunchScreen.storyboard */,
				8B5560D71D388E7000321722 /* Info.plist */,
				8B5560C61D388E7000321722 /* Supporting Files */,
			);
			path = FirstiOSDemo;
			sourceTree = "<group>";
		};
		8B5560C61D388E7000321722 /* Supporting Files */ = {
			isa = PBXGroup;
			children = (
				8B5560C71D388E7000321722 /* main.m */,
			);
			name = "Supporting Files";
			sourceTree = "<group>";
		};
/* End PBXGroup section */

/* Begin PBXNativeTarget section */
		8B5560C21D388E7000321722 /* FirstiOSDemo */ = {
			isa = PBXNativeTarget;
			buildConfigurationList = 8B5560DA1D388E7000321722 /* Build configuration list for PBXNativeTarget "FirstiOSDemo" */;
			buildPhases = (
				8B5560BF1D388E7000321722 /* Sources */,
				8B5560C01D388E7000321722 /* Frameworks */,
				8B5560C11D388E7000321722 /* Resources */,
			);
			buildRules = (
			);
			dependencies = (
			);
			name = FirstiOSDemo;
			productName = FirstiOSDemo;
			productReference = 8B5560C31D388E7000321722 /* FirstiOSDemo.app */;
			productType = "com.apple.product-type.application";
		};
/* End PBXNativeTarget section */

/* Begin PBXProject section */
		8B5560BB1D388E7000321722 /* Project object */ = {
			isa = PBXProject;
			attributes = {
				LastUpgradeCheck = 0710;
				ORGANIZATIONNAME = CodeKul;
				TargetAttributes = {
					8B5560C21D388E7000321722 = {
						CreatedOnToolsVersion = 7.1;
					};
				};
			};
			buildConfigurationList = 8B5560BE1D388E7000321722 /* Build configuration list for PBXProject "FirstiOSDemo" */;
			compatibilityVersion = "Xcode 3.2";
			developmentRegion = English;
			hasScannedForEncodings = 0;
			knownRegions = (
				en,
				Base,
			);
			mainGroup = 8B5560BA1D388E7000321722;
			productRefGroup = 8B5560C41D388E7000321722 /* Products */;
			projectDirPath = "";
			projectRoot = "";
			targets = (
				8B5560C21D388E7000321722 /* FirstiOSDemo */,
			);
		};
/* End PBXProject section */

/* Begin PBXResourcesBuildPhase section */
		8B5560C11D388E7000321722 /* Resources */ = {
			isa = PBXResourcesBuildPhase;
			buildActionMask = 2147483647;
			files = (
				8B5560D61D388E7000321722 /* LaunchScreen.storyboard in Resources */,
				8B5560D31D388E7000321722 /* Assets.xcassets in Resources */,
				8B5560D11D388E7000321722 /* Main.storyboard in Resources */,
			);
			runOnlyForDeploymentPostprocessing = 0;
		};
/* End PBXResourcesBuildPhase section */

/* Begin PBXSourcesBuildPhase section */
		8B5560BF1D388E7000321722 /* Sources */ = {
			isa = PBXSourcesBuildPhase;
			buildActionMask = 2147483647;
			files = (
				8B5560CE1D388E7000321722 /* ViewController.m in Sources */,
				8B5560CB1D388E7000321722 /* AppDelegate.m in Sources */,
				8B5560C81D388E7000321722 /* main.m in Sources */,
			);
			runOnlyForDeploymentPostprocessing = 0;
		};
/* End PBXSourcesBuildPhase section */

/* Begin PBXVariantGroup section */
		8B5560CF1D388E7000321722 /* Main.storyboard */ = {
			isa = PBXVariantGroup;
			children = (
				8B5560D01D388E7000321722 /* Base */,
			);
			name = Main.storyboard;
			sourceTree = "<group>";
		};
		8B5560D41D388E7000321722 /* LaunchScreen.storyboard */ = {
			isa = PBXVariantGroup;
			children = (
				8B5560D51D388E7000321722 /* Base */,
			);
			name = LaunchScreen.storyboard;
			sourceTree = "<group>";
		};
/* End PBXVariantGroup section */

/* Begin XCBuildConfiguration section */
		8B5560D81D388E7000321722 /* Debug */ = {
			isa = XCBuildConfiguration;
			buildSettings = {
				ALWAYS_SEARCH_USER_PATHS = NO;
				CLANG_CXX_LANGUAGE_STANDARD = "gnu++0x";
				CLANG_CXX_LIBRARY = "libc++";
				CLANG_ENABLE_MODULES = YES;
				CLANG_ENABLE_OBJC_ARC = YES;
				CLANG_WARN_BOOL_CONVERSION = YES;
				CLANG_WARN_CONSTANT_CONVERSION = YES;
				CLANG_WARN_DIRECT_OBJC_ISA_USAGE = YES_ERROR;
				CLANG_WARN_EMPTY_BODY = YES;
				CLANG_WARN_ENUM_CONVERSION = YES;
				CLANG_WARN_INT_CONVERSION = YES;
				CLANG_WARN_OBJC_ROOT_CLASS = YES_ERROR;
				CLANG_WARN_UNREACHABLE_CODE = YES;
				CLANG_WARN__DUPLICATE_METHOD_MATCH = YES;
				"CODE_SIGN_IDENTITY[sdk=iphoneos*]" = "iPhone Developer";
				COPY_PHASE_STRIP = NO;
				DEBUG_INFORMATION_FORMAT = dwarf;
				ENABLE_STRICT_OBJC_MSGSEND = YES;
				ENABLE_TESTABILITY = YES;
				GCC_C_LANGUAGE_STANDARD = gnu99;
				GCC_DYNAMIC_NO_PIC = NO;
				GCC_NO_COMMON_BLOCKS = YES;
				GCC_OPTIMIZATION_LEVEL = 0;
				GCC_PREPROCESSOR_DEFINITIONS = (
					"DEBUG=1",
					"$(inherited)",
				);
				GCC_WARN_64_TO_32_BIT_CONVERSION = YES;
				GCC_WARN_ABOUT_RETURN_TYPE = YES_ERROR;
				GCC_WARN_UNDECLARED_SELECTOR = YES;
				GCC_WARN_UNINITIALIZED_AUTOS = YES_AGGRESSIVE;
				GCC_WARN_UNUSED_FUNCTION = YES;
				GCC_WARN_UNUSED_VARIABLE = YES;
				IPHONEOS_DEPLOYMENT_TARGET = 9.1;
				MTL_ENABLE_DEBUG_INFO = YES;
				ONLY_ACTIVE_ARCH = YES;
				SDKROOT = iphoneos;
			};
			name = Debug;
		};
		8B5560D91D388E7000321722 /* Release */ = {
			isa = XCBuildConfiguration;
			buildSettings = {
				ALWAYS_SEARCH_USER_PATHS = NO;
				CLANG_CXX_LANGUAGE_STANDARD = "gnu++0x";
				CLANG_CXX_LIBRARY = "libc++";
				CLANG_ENABLE_MODULES = YES;
				CLANG_ENABLE_OBJC_ARC = YES;
				CLANG_WARN_BOOL_CONVERSION = YES;
				CLANG_WARN_CONSTANT_CONVERSION = YES;
				CLANG_WARN_DIRECT_OBJC_ISA_USAGE = YES_ERROR;
				CLANG_WARN_EMPTY_BODY = YES;
				CLANG_WARN_ENUM_CONVERSION = YES;
				CLANG_WARN_INT_CONVERSION = YES;
				CLANG_WARN_OBJC_ROOT_CLASS = YES_ERROR;
				CLANG_WARN_UNREACHABLE_CODE = YES;
				CLANG_WARN__DUPLICATE_METHOD_MATCH = YES;
				"CODE_SIGN_IDENTITY[sdk=iphoneos*]" = "iPhone Developer";
				COPY_PHASE_STRIP = NO;
				DEBUG_INFORMATION_FORMAT = "dwarf-with-dsym";
				ENABLE_NS_ASSERTIONS = NO;
				ENABLE_STRICT_OBJC_MSGSEND = YES;
				GCC_C_LANGUAGE_STANDARD = gnu99;
				GCC_NO_COMMON_BLOCKS = YES;
				GCC_WARN_64_TO_32_BIT_CONVERSION = YES;
				GCC_WARN_ABOUT_RETURN_TYPE = YES_ERROR;
				GCC_WARN_UNDECLARED_SELECTOR = YES;
				GCC_WARN_UNINITIALIZED_AUTOS = YES_AGGRESSIVE;
				GCC_WARN_UNUSED_FUNCTION = YES;
				GCC_WARN_UNUSED_VARIABLE = YES;
				IPHONEOS_DEPLOYMENT_TARGET = 9.1;
				MTL_ENABLE_DEBUG_INFO = NO;
				SDKROOT = iphoneos;
				VALIDATE_PRODUCT = YES;
			};
			name = Release;
		};
		8B5560DB1D388E7000321722 /* Debug */ = {
			isa = XCBuildConfiguration;
			buildSettings = {
				ASSETCATALOG_COMPILER_APPICON_NAME = AppIcon;
				INFOPLIST_FILE = FirstiOSDemo/Info.plist;
				LD_RUNPATH_SEARCH_PATHS = "$(inherited) @executable_path/Frameworks";
				PRODUCT_BUNDLE_IDENTIFIER = com.codekul.FirstiOSDemo;
				PRODUCT_NAME = "$(TARGET_NAME)";
			};
			name = Debug;
		};
		8B5560DC1D388E7000321722 /* Release */ = {
			isa = XCBuildConfiguration;
			buildSettings = {
				ASSETCATALOG_COMPILER_APPICON_NAME = AppIcon;
				INFOPLIST_FILE = FirstiOSDemo/Info.plist;
				LD_RUNPATH_SEARCH_PATHS = "$(inherited) @executable_path/Frameworks";
				PRODUCT_BUNDLE_IDENTIFIER = com.codekul.FirstiOSDemo;
				PRODUCT_NAME = "$(TARGET_NAME)";
			};
			name = Release;
		};
/* End XCBuildConfiguration section */

/* Begin XCConfigurationList section */
		8B5560BE1D388E7000321722 /* Build configuration list for PBXProject "FirstiOSDemo" */ = {
			isa = XCConfigurationList;
			buildConfigurations = (
				8B5560D81D388E7000321722 /* Debug */,
				8B5560D91D388E7000321722 /* Release */,
			);
			defaultConfigurationIsVisible = 0;
			defaultConfigurationName = Release;
		};
		8B5560DA1D388E7000321722 /* Build configuration list for PBXNativeTarget "FirstiOSDemo" */ = {
			isa = XCConfigurationList;
			buildConfigurations = (
				8B5560DB1D388E7000321722 /* Debug */,
				8B5560DC1D388E7000321722 /* Release */,
			);
			defaultConfigurationIsVisible = 0;
		};
/* End XCConfigurationList section */
	};
	rootObject = 8B5560BB1D388E7000321722 /* Project object */;
}
