// !$*UTF8*$!
{
	archiveVersion = 1;
	classes = {
	};
	objectVersion = 46;
	objects = {

/* Begin PBXBuildFile section */
		8BF637CA1DA10155000890A8 /* main.m in Sources */ = {isa = PBXBuildFile; fileRef = 8BF637C91DA10155000890A8 /* main.m */; };
		8BF637CD1DA10155000890A8 /* AppDelegate.m in Sources */ = {isa = PBXBuildFile; fileRef = 8BF637CC1DA10155000890A8 /* AppDelegate.m */; };
		8BF637D01DA10155000890A8 /* ViewController.m in Sources */ = {isa = PBXBuildFile; fileRef = 8BF637CF1DA10155000890A8 /* ViewController.m */; };
		8BF637D31DA10155000890A8 /* Main.storyboard in Resources */ = {isa = PBXBuildFile; fileRef = 8BF637D11DA10155000890A8 /* Main.storyboard */; };
		8BF637D51DA10155000890A8 /* Assets.xcassets in Resources */ = {isa = PBXBuildFile; fileRef = 8BF637D41DA10155000890A8 /* Assets.xcassets */; };
		8BF637D81DA10155000890A8 /* LaunchScreen.storyboard in Resources */ = {isa = PBXBuildFile; fileRef = 8BF637D61DA10155000890A8 /* LaunchScreen.storyboard */; };
		8BF637E21DA1033C000890A8 /* TestViewController.m in Sources */ = {isa = PBXBuildFile; fileRef = 8BF637E01DA1033C000890A8 /* TestViewController.m */; };
		8BF637E31DA1033C000890A8 /* TestViewController.xib in Resources */ = {isa = PBXBuildFile; fileRef = 8BF637E11DA1033C000890A8 /* TestViewController.xib */; };
/* End PBXBuildFile section */

/* Begin PBXFileReference section */
		8BF637C51DA10155000890A8 /* popOverControllerDemo.app */ = {isa = PBXFileReference; explicitFileType = wrapper.application; includeInIndex = 0; path = popOverControllerDemo.app; sourceTree = BUILT_PRODUCTS_DIR; };
		8BF637C91DA10155000890A8 /* main.m */ = {isa = PBXFileReference; lastKnownFileType = sourcecode.c.objc; path = main.m; sourceTree = "<group>"; };
		8BF637CB1DA10155000890A8 /* AppDelegate.h */ = {isa = PBXFileReference; lastKnownFileType = sourcecode.c.h; path = AppDelegate.h; sourceTree = "<group>"; };
		8BF637CC1DA10155000890A8 /* AppDelegate.m */ = {isa = PBXFileReference; lastKnownFileType = sourcecode.c.objc; path = AppDelegate.m; sourceTree = "<group>"; };
		8BF637CE1DA10155000890A8 /* ViewController.h */ = {isa = PBXFileReference; lastKnownFileType = sourcecode.c.h; path = ViewController.h; sourceTree = "<group>"; };
		8BF637CF1DA10155000890A8 /* ViewController.m */ = {isa = PBXFileReference; lastKnownFileType = sourcecode.c.objc; path = ViewController.m; sourceTree = "<group>"; };
		8BF637D21DA10155000890A8 /* Base */ = {isa = PBXFileReference; lastKnownFileType = file.storyboard; name = Base; path = Base.lproj/Main.storyboard; sourceTree = "<group>"; };
		8BF637D41DA10155000890A8 /* Assets.xcassets */ = {isa = PBXFileReference; lastKnownFileType = folder.assetcatalog; path = Assets.xcassets; sourceTree = "<group>"; };
		8BF637D71DA10155000890A8 /* Base */ = {isa = PBXFileReference; lastKnownFileType = file.storyboard; name = Base; path = Base.lproj/LaunchScreen.storyboard; sourceTree = "<group>"; };
		8BF637D91DA10155000890A8 /* Info.plist */ = {isa = PBXFileReference; lastKnownFileType = text.plist.xml; path = Info.plist; sourceTree = "<group>"; };
		8BF637DF1DA1033C000890A8 /* TestViewController.h */ = {isa = PBXFileReference; fileEncoding = 4; lastKnownFileType = sourcecode.c.h; path = TestViewController.h; sourceTree = "<group>"; };
		8BF637E01DA1033C000890A8 /* TestViewController.m */ = {isa = PBXFileReference; fileEncoding = 4; lastKnownFileType = sourcecode.c.objc; path = TestViewController.m; sourceTree = "<group>"; };
		8BF637E11DA1033C000890A8 /* TestViewController.xib */ = {isa = PBXFileReference; fileEncoding = 4; lastKnownFileType = file.xib; path = TestViewController.xib; sourceTree = "<group>"; };
		8BF637E41DA108B2000890A8 /* TestViewControllerProtocol.h */ = {isa = PBXFileReference; fileEncoding = 4; lastKnownFileType = sourcecode.c.h; path = TestViewControllerProtocol.h; sourceTree = "<group>"; };
/* End PBXFileReference section */

/* Begin PBXFrameworksBuildPhase section */
		8BF637C21DA10155000890A8 /* Frameworks */ = {
			isa = PBXFrameworksBuildPhase;
			buildActionMask = 2147483647;
			files = (
			);
			runOnlyForDeploymentPostprocessing = 0;
		};
/* End PBXFrameworksBuildPhase section */

/* Begin PBXGroup section */
		8BF637BC1DA10155000890A8 = {
			isa = PBXGroup;
			children = (
				8BF637C71DA10155000890A8 /* popOverControllerDemo */,
				8BF637C61DA10155000890A8 /* Products */,
			);
			sourceTree = "<group>";
		};
		8BF637C61DA10155000890A8 /* Products */ = {
			isa = PBXGroup;
			children = (
				8BF637C51DA10155000890A8 /* popOverControllerDemo.app */,
			);
			name = Products;
			sourceTree = "<group>";
		};
		8BF637C71DA10155000890A8 /* popOverControllerDemo */ = {
			isa = PBXGroup;
			children = (
				8BF637CB1DA10155000890A8 /* AppDelegate.h */,
				8BF637CC1DA10155000890A8 /* AppDelegate.m */,
				8BF637E41DA108B2000890A8 /* TestViewControllerProtocol.h */,
				8BF637CE1DA10155000890A8 /* ViewController.h */,
				8BF637CF1DA10155000890A8 /* ViewController.m */,
				8BF637DF1DA1033C000890A8 /* TestViewController.h */,
				8BF637E01DA1033C000890A8 /* TestViewController.m */,
				8BF637E11DA1033C000890A8 /* TestViewController.xib */,
				8BF637D11DA10155000890A8 /* Main.storyboard */,
				8BF637D41DA10155000890A8 /* Assets.xcassets */,
				8BF637D61DA10155000890A8 /* LaunchScreen.storyboard */,
				8BF637D91DA10155000890A8 /* Info.plist */,
				8BF637C81DA10155000890A8 /* Supporting Files */,
			);
			path = popOverControllerDemo;
			sourceTree = "<group>";
		};
		8BF637C81DA10155000890A8 /* Supporting Files */ = {
			isa = PBXGroup;
			children = (
				8BF637C91DA10155000890A8 /* main.m */,
			);
			name = "Supporting Files";
			sourceTree = "<group>";
		};
/* End PBXGroup section */

/* Begin PBXNativeTarget section */
		8BF637C41DA10155000890A8 /* popOverControllerDemo */ = {
			isa = PBXNativeTarget;
			buildConfigurationList = 8BF637DC1DA10155000890A8 /* Build configuration list for PBXNativeTarget "popOverControllerDemo" */;
			buildPhases = (
				8BF637C11DA10155000890A8 /* Sources */,
				8BF637C21DA10155000890A8 /* Frameworks */,
				8BF637C31DA10155000890A8 /* Resources */,
			);
			buildRules = (
			);
			dependencies = (
			);
			name = popOverControllerDemo;
			productName = popOverControllerDemo;
			productReference = 8BF637C51DA10155000890A8 /* popOverControllerDemo.app */;
			productType = "com.apple.product-type.application";
		};
/* End PBXNativeTarget section */

/* Begin PBXProject section */
		8BF637BD1DA10155000890A8 /* Project object */ = {
			isa = PBXProject;
			attributes = {
				LastUpgradeCheck = 0710;
				ORGANIZATIONNAME = CodeKul;
				TargetAttributes = {
					8BF637C41DA10155000890A8 = {
						CreatedOnToolsVersion = 7.1;
					};
				};
			};
			buildConfigurationList = 8BF637C01DA10155000890A8 /* Build configuration list for PBXProject "popOverControllerDemo" */;
			compatibilityVersion = "Xcode 3.2";
			developmentRegion = English;
			hasScannedForEncodings = 0;
			knownRegions = (
				en,
				Base,
			);
			mainGroup = 8BF637BC1DA10155000890A8;
			productRefGroup = 8BF637C61DA10155000890A8 /* Products */;
			projectDirPath = "";
			projectRoot = "";
			targets = (
				8BF637C41DA10155000890A8 /* popOverControllerDemo */,
			);
		};
/* End PBXProject section */

/* Begin PBXResourcesBuildPhase section */
		8BF637C31DA10155000890A8 /* Resources */ = {
			isa = PBXResourcesBuildPhase;
			buildActionMask = 2147483647;
			files = (
				8BF637D81DA10155000890A8 /* LaunchScreen.storyboard in Resources */,
				8BF637D51DA10155000890A8 /* Assets.xcassets in Resources */,
				8BF637E31DA1033C000890A8 /* TestViewController.xib in Resources */,
				8BF637D31DA10155000890A8 /* Main.storyboard in Resources */,
			);
			runOnlyForDeploymentPostprocessing = 0;
		};
/* End PBXResourcesBuildPhase section */

/* Begin PBXSourcesBuildPhase section */
		8BF637C11DA10155000890A8 /* Sources */ = {
			isa = PBXSourcesBuildPhase;
			buildActionMask = 2147483647;
			files = (
				8BF637D01DA10155000890A8 /* ViewController.m in Sources */,
				8BF637CD1DA10155000890A8 /* AppDelegate.m in Sources */,
				8BF637E21DA1033C000890A8 /* TestViewController.m in Sources */,
				8BF637CA1DA10155000890A8 /* main.m in Sources */,
			);
			runOnlyForDeploymentPostprocessing = 0;
		};
/* End PBXSourcesBuildPhase section */

/* Begin PBXVariantGroup section */
		8BF637D11DA10155000890A8 /* Main.storyboard */ = {
			isa = PBXVariantGroup;
			children = (
				8BF637D21DA10155000890A8 /* Base */,
			);
			name = Main.storyboard;
			sourceTree = "<group>";
		};
		8BF637D61DA10155000890A8 /* LaunchScreen.storyboard */ = {
			isa = PBXVariantGroup;
			children = (
				8BF637D71DA10155000890A8 /* Base */,
			);
			name = LaunchScreen.storyboard;
			sourceTree = "<group>";
		};
/* End PBXVariantGroup section */

/* Begin XCBuildConfiguration section */
		8BF637DA1DA10155000890A8 /* Debug */ = {
			isa = XCBuildConfiguration;
			buildSettings = {
				ALWAYS_SEARCH_USER_PATHS = NO;
				CLANG_CXX_LANGUAGE_STANDARD = "gnu++0x";
				CLANG_CXX_LIBRARY = "libc++";
				CLANG_ENABLE_MODULES = YES;
				CLANG_ENABLE_OBJC_ARC = YES;
				CLANG_WARN_BOOL_CONVERSION = YES;
				CLANG_WARN_CONSTANT_CONVERSION = YES;
				CLANG_WARN_DIRECT_OBJC_ISA_USAGE = YES_ERROR;
				CLANG_WARN_EMPTY_BODY = YES;
				CLANG_WARN_ENUM_CONVERSION = YES;
				CLANG_WARN_INT_CONVERSION = YES;
				CLANG_WARN_OBJC_ROOT_CLASS = YES_ERROR;
				CLANG_WARN_UNREACHABLE_CODE = YES;
				CLANG_WARN__DUPLICATE_METHOD_MATCH = YES;
				"CODE_SIGN_IDENTITY[sdk=iphoneos*]" = "iPhone Developer";
				COPY_PHASE_STRIP = NO;
				DEBUG_INFORMATION_FORMAT = dwarf;
				ENABLE_STRICT_OBJC_MSGSEND = YES;
				ENABLE_TESTABILITY = YES;
				GCC_C_LANGUAGE_STANDARD = gnu99;
				GCC_DYNAMIC_NO_PIC = NO;
				GCC_NO_COMMON_BLOCKS = YES;
				GCC_OPTIMIZATION_LEVEL = 0;
				GCC_PREPROCESSOR_DEFINITIONS = (
					"DEBUG=1",
					"$(inherited)",
				);
				GCC_WARN_64_TO_32_BIT_CONVERSION = YES;
				GCC_WARN_ABOUT_RETURN_TYPE = YES_ERROR;
				GCC_WARN_UNDECLARED_SELECTOR = YES;
				GCC_WARN_UNINITIALIZED_AUTOS = YES_AGGRESSIVE;
				GCC_WARN_UNUSED_FUNCTION = YES;
				GCC_WARN_UNUSED_VARIABLE = YES;
				IPHONEOS_DEPLOYMENT_TARGET = 9.1;
				MTL_ENABLE_DEBUG_INFO = YES;
				ONLY_ACTIVE_ARCH = YES;
				SDKROOT = iphoneos;
			};
			name = Debug;
		};
		8BF637DB1DA10155000890A8 /* Release */ = {
			isa = XCBuildConfiguration;
			buildSettings = {
				ALWAYS_SEARCH_USER_PATHS = NO;
				CLANG_CXX_LANGUAGE_STANDARD = "gnu++0x";
				CLANG_CXX_LIBRARY = "libc++";
				CLANG_ENABLE_MODULES = YES;
				CLANG_ENABLE_OBJC_ARC = YES;
				CLANG_WARN_BOOL_CONVERSION = YES;
				CLANG_WARN_CONSTANT_CONVERSION = YES;
				CLANG_WARN_DIRECT_OBJC_ISA_USAGE = YES_ERROR;
				CLANG_WARN_EMPTY_BODY = YES;
				CLANG_WARN_ENUM_CONVERSION = YES;
				CLANG_WARN_INT_CONVERSION = YES;
				CLANG_WARN_OBJC_ROOT_CLASS = YES_ERROR;
				CLANG_WARN_UNREACHABLE_CODE = YES;
				CLANG_WARN__DUPLICATE_METHOD_MATCH = YES;
				"CODE_SIGN_IDENTITY[sdk=iphoneos*]" = "iPhone Developer";
				COPY_PHASE_STRIP = NO;
				DEBUG_INFORMATION_FORMAT = "dwarf-with-dsym";
				ENABLE_NS_ASSERTIONS = NO;
				ENABLE_STRICT_OBJC_MSGSEND = YES;
				GCC_C_LANGUAGE_STANDARD = gnu99;
				GCC_NO_COMMON_BLOCKS = YES;
				GCC_WARN_64_TO_32_BIT_CONVERSION = YES;
				GCC_WARN_ABOUT_RETURN_TYPE = YES_ERROR;
				GCC_WARN_UNDECLARED_SELECTOR = YES;
				GCC_WARN_UNINITIALIZED_AUTOS = YES_AGGRESSIVE;
				GCC_WARN_UNUSED_FUNCTION = YES;
				GCC_WARN_UNUSED_VARIABLE = YES;
				IPHONEOS_DEPLOYMENT_TARGET = 9.1;
				MTL_ENABLE_DEBUG_INFO = NO;
				SDKROOT = iphoneos;
				VALIDATE_PRODUCT = YES;
			};
			name = Release;
		};
		8BF637DD1DA10155000890A8 /* Debug */ = {
			isa = XCBuildConfiguration;
			buildSettings = {
				ASSETCATALOG_COMPILER_APPICON_NAME = AppIcon;
				INFOPLIST_FILE = popOverControllerDemo/Info.plist;
				IPHONEOS_DEPLOYMENT_TARGET = 8.0;
				LD_RUNPATH_SEARCH_PATHS = "$(inherited) @executable_path/Frameworks";
				PRODUCT_BUNDLE_IDENTIFIER = com.codekul.popOverControllerDemo;
				PRODUCT_NAME = "$(TARGET_NAME)";
				TARGETED_DEVICE_FAMILY = "1,2";
			};
			name = Debug;
		};
		8BF637DE1DA10155000890A8 /* Release */ = {
			isa = XCBuildConfiguration;
			buildSettings = {
				ASSETCATALOG_COMPILER_APPICON_NAME = AppIcon;
				INFOPLIST_FILE = popOverControllerDemo/Info.plist;
				IPHONEOS_DEPLOYMENT_TARGET = 8.0;
				LD_RUNPATH_SEARCH_PATHS = "$(inherited) @executable_path/Frameworks";
				PRODUCT_BUNDLE_IDENTIFIER = com.codekul.popOverControllerDemo;
				PRODUCT_NAME = "$(TARGET_NAME)";
				TARGETED_DEVICE_FAMILY = "1,2";
			};
			name = Release;
		};
/* End XCBuildConfiguration section */

/* Begin XCConfigurationList section */
		8BF637C01DA10155000890A8 /* Build configuration list for PBXProject "popOverControllerDemo" */ = {
			isa = XCConfigurationList;
			buildConfigurations = (
				8BF637DA1DA10155000890A8 /* Debug */,
				8BF637DB1DA10155000890A8 /* Release */,
			);
			defaultConfigurationIsVisible = 0;
			defaultConfigurationName = Release;
		};
		8BF637DC1DA10155000890A8 /* Build configuration list for PBXNativeTarget "popOverControllerDemo" */ = {
			isa = XCConfigurationList;
			buildConfigurations = (
				8BF637DD1DA10155000890A8 /* Debug */,
				8BF637DE1DA10155000890A8 /* Release */,
			);
			defaultConfigurationIsVisible = 0;
		};
/* End XCConfigurationList section */
	};
	rootObject = 8BF637BD1DA10155000890A8 /* Project object */;
}
